// !$*UTF8*$!
{
	archiveVersion = 1;
	classes = {
	};
	objectVersion = 46;
	objects = {

/* Begin PBXBuildFile section */
		A31CBEBC1E1BFE5B0052175A /* ThirdViewController.m in Sources */ = {isa = PBXBuildFile; fileRef = A31CBEBA1E1BFE5B0052175A /* ThirdViewController.m */; };
		A31CBEBD1E1BFE5B0052175A /* ThirdViewController.xib in Resources */ = {isa = PBXBuildFile; fileRef = A31CBEBB1E1BFE5B0052175A /* ThirdViewController.xib */; };
		A399EB761F76BAE40033B1C4 /* AlertOrActionSheetDemoTests.m in Sources */ = {isa = PBXBuildFile; fileRef = A399EB751F76BAE40033B1C4 /* AlertOrActionSheetDemoTests.m */; };
		B5342A9B1E8E644300398C4C /* NSObject+OKRuntime.m in Sources */ = {isa = PBXBuildFile; fileRef = B5342A961E8E644300398C4C /* NSObject+OKRuntime.m */; };
		B5342A9C1E8E644300398C4C /* NSString+OKExtension.m in Sources */ = {isa = PBXBuildFile; fileRef = B5342A981E8E644300398C4C /* NSString+OKExtension.m */; };
		B5342A9D1E8E644300398C4C /* UIButton+OKExtension.m in Sources */ = {isa = PBXBuildFile; fileRef = B5342A9A1E8E644300398C4C /* UIButton+OKExtension.m */; };
		B5342AA01E8E67B100398C4C /* OKAlertView.m in Sources */ = {isa = PBXBuildFile; fileRef = B5342A9F1E8E67B100398C4C /* OKAlertView.m */; };
		B5342AAB1E8E6C0500398C4C /* NSAttributedString+OKExtension.m in Sources */ = {isa = PBXBuildFile; fileRef = B5342AAA1E8E6C0500398C4C /* NSAttributedString+OKExtension.m */; };
		B55BE9F81E20D67E00442CCE /* UIKit.framework in Frameworks */ = {isa = PBXBuildFile; fileRef = B55BE9F71E20D67E00442CCE /* UIKit.framework */; };
		B572602B1E14FF6F00B6A0AA /* main.m in Sources */ = {isa = PBXBuildFile; fileRef = B572602A1E14FF6F00B6A0AA /* main.m */; };
		B572602E1E14FF6F00B6A0AA /* AppDelegate.m in Sources */ = {isa = PBXBuildFile; fileRef = B572602D1E14FF6F00B6A0AA /* AppDelegate.m */; };
		B57260311E14FF6F00B6A0AA /* FirstViewController.m in Sources */ = {isa = PBXBuildFile; fileRef = B57260301E14FF6F00B6A0AA /* FirstViewController.m */; };
		B57260341E14FF6F00B6A0AA /* SecondViewController.m in Sources */ = {isa = PBXBuildFile; fileRef = B57260331E14FF6F00B6A0AA /* SecondViewController.m */; };
		B57260371E14FF6F00B6A0AA /* Main.storyboard in Resources */ = {isa = PBXBuildFile; fileRef = B57260351E14FF6F00B6A0AA /* Main.storyboard */; };
		B57260391E14FF6F00B6A0AA /* Assets.xcassets in Resources */ = {isa = PBXBuildFile; fileRef = B57260381E14FF6F00B6A0AA /* Assets.xcassets */; };
		B572603C1E14FF6F00B6A0AA /* LaunchScreen.storyboard in Resources */ = {isa = PBXBuildFile; fileRef = B572603A1E14FF6F00B6A0AA /* LaunchScreen.storyboard */; };
		B572604F1E14FFC000B6A0AA /* OKActionSheetView.m in Sources */ = {isa = PBXBuildFile; fileRef = B572604B1E14FFC000B6A0AA /* OKActionSheetView.m */; };
/* End PBXBuildFile section */

/* Begin PBXContainerItemProxy section */
		A399EB781F76BAE40033B1C4 /* PBXContainerItemProxy */ = {
			isa = PBXContainerItemProxy;
			containerPortal = B572601E1E14FF6F00B6A0AA /* Project object */;
			proxyType = 1;
			remoteGlobalIDString = B57260251E14FF6F00B6A0AA;
			remoteInfo = AlertOrActionSheetDemo;
		};
/* End PBXContainerItemProxy section */

/* Begin PBXFileReference section */
		A31CBEB91E1BFE5B0052175A /* ThirdViewController.h */ = {isa = PBXFileReference; fileEncoding = 4; lastKnownFileType = sourcecode.c.h; path = ThirdViewController.h; sourceTree = "<group>"; };
		A31CBEBA1E1BFE5B0052175A /* ThirdViewController.m */ = {isa = PBXFileReference; fileEncoding = 4; lastKnownFileType = sourcecode.c.objc; path = ThirdViewController.m; sourceTree = "<group>"; };
		A31CBEBB1E1BFE5B0052175A /* ThirdViewController.xib */ = {isa = PBXFileReference; fileEncoding = 4; lastKnownFileType = file.xib; path = ThirdViewController.xib; sourceTree = "<group>"; };
		A399EB731F76BAE40033B1C4 /* AlertOrActionSheetDemoTests.xctest */ = {isa = PBXFileReference; explicitFileType = wrapper.cfbundle; includeInIndex = 0; path = AlertOrActionSheetDemoTests.xctest; sourceTree = BUILT_PRODUCTS_DIR; };
		A399EB751F76BAE40033B1C4 /* AlertOrActionSheetDemoTests.m */ = {isa = PBXFileReference; lastKnownFileType = sourcecode.c.objc; path = AlertOrActionSheetDemoTests.m; sourceTree = "<group>"; };
		A399EB771F76BAE40033B1C4 /* Info.plist */ = {isa = PBXFileReference; lastKnownFileType = text.plist.xml; path = Info.plist; sourceTree = "<group>"; };
		B5342A921E8E263200398C4C /* OKPublicDefine.pch */ = {isa = PBXFileReference; lastKnownFileType = sourcecode.c.h; path = OKPublicDefine.pch; sourceTree = "<group>"; };
		B5342A931E8E26C100398C4C /* PubilcFile.h */ = {isa = PBXFileReference; lastKnownFileType = sourcecode.c.h; path = PubilcFile.h; sourceTree = "<group>"; };
		B5342A951E8E644300398C4C /* NSObject+OKRuntime.h */ = {isa = PBXFileReference; fileEncoding = 4; lastKnownFileType = sourcecode.c.h; path = "NSObject+OKRuntime.h"; sourceTree = "<group>"; };
		B5342A961E8E644300398C4C /* NSObject+OKRuntime.m */ = {isa = PBXFileReference; fileEncoding = 4; lastKnownFileType = sourcecode.c.objc; path = "NSObject+OKRuntime.m"; sourceTree = "<group>"; };
		B5342A971E8E644300398C4C /* NSString+OKExtension.h */ = {isa = PBXFileReference; fileEncoding = 4; lastKnownFileType = sourcecode.c.h; path = "NSString+OKExtension.h"; sourceTree = "<group>"; };
		B5342A981E8E644300398C4C /* NSString+OKExtension.m */ = {isa = PBXFileReference; fileEncoding = 4; lastKnownFileType = sourcecode.c.objc; path = "NSString+OKExtension.m"; sourceTree = "<group>"; };
		B5342A991E8E644300398C4C /* UIButton+OKExtension.h */ = {isa = PBXFileReference; fileEncoding = 4; lastKnownFileType = sourcecode.c.h; path = "UIButton+OKExtension.h"; sourceTree = "<group>"; };
		B5342A9A1E8E644300398C4C /* UIButton+OKExtension.m */ = {isa = PBXFileReference; fileEncoding = 4; lastKnownFileType = sourcecode.c.objc; path = "UIButton+OKExtension.m"; sourceTree = "<group>"; };
		B5342A9E1E8E67B100398C4C /* OKAlertView.h */ = {isa = PBXFileReference; fileEncoding = 4; lastKnownFileType = sourcecode.c.h; path = OKAlertView.h; sourceTree = "<group>"; };
		B5342A9F1E8E67B100398C4C /* OKAlertView.m */ = {isa = PBXFileReference; fileEncoding = 4; lastKnownFileType = sourcecode.c.objc; path = OKAlertView.m; sourceTree = "<group>"; };
		B5342AA91E8E6C0500398C4C /* NSAttributedString+OKExtension.h */ = {isa = PBXFileReference; fileEncoding = 4; lastKnownFileType = sourcecode.c.h; path = "NSAttributedString+OKExtension.h"; sourceTree = "<group>"; };
		B5342AAA1E8E6C0500398C4C /* NSAttributedString+OKExtension.m */ = {isa = PBXFileReference; fileEncoding = 4; lastKnownFileType = sourcecode.c.objc; path = "NSAttributedString+OKExtension.m"; sourceTree = "<group>"; };
		B55BE9F71E20D67E00442CCE /* UIKit.framework */ = {isa = PBXFileReference; lastKnownFileType = wrapper.framework; name = UIKit.framework; path = System/Library/Frameworks/UIKit.framework; sourceTree = SDKROOT; };
		B57260261E14FF6F00B6A0AA /* AlertOrActionSheetDemo.app */ = {isa = PBXFileReference; explicitFileType = wrapper.application; includeInIndex = 0; path = AlertOrActionSheetDemo.app; sourceTree = BUILT_PRODUCTS_DIR; };
		B572602A1E14FF6F00B6A0AA /* main.m */ = {isa = PBXFileReference; lastKnownFileType = sourcecode.c.objc; path = main.m; sourceTree = "<group>"; };
		B572602C1E14FF6F00B6A0AA /* AppDelegate.h */ = {isa = PBXFileReference; lastKnownFileType = sourcecode.c.h; path = AppDelegate.h; sourceTree = "<group>"; };
		B572602D1E14FF6F00B6A0AA /* AppDelegate.m */ = {isa = PBXFileReference; lastKnownFileType = sourcecode.c.objc; path = AppDelegate.m; sourceTree = "<group>"; };
		B572602F1E14FF6F00B6A0AA /* FirstViewController.h */ = {isa = PBXFileReference; lastKnownFileType = sourcecode.c.h; path = FirstViewController.h; sourceTree = "<group>"; };
		B57260301E14FF6F00B6A0AA /* FirstViewController.m */ = {isa = PBXFileReference; lastKnownFileType = sourcecode.c.objc; path = FirstViewController.m; sourceTree = "<group>"; };
		B57260321E14FF6F00B6A0AA /* SecondViewController.h */ = {isa = PBXFileReference; lastKnownFileType = sourcecode.c.h; path = SecondViewController.h; sourceTree = "<group>"; };
		B57260331E14FF6F00B6A0AA /* SecondViewController.m */ = {isa = PBXFileReference; lastKnownFileType = sourcecode.c.objc; path = SecondViewController.m; sourceTree = "<group>"; };
		B57260361E14FF6F00B6A0AA /* Base */ = {isa = PBXFileReference; lastKnownFileType = file.storyboard; name = Base; path = Base.lproj/Main.storyboard; sourceTree = "<group>"; };
		B57260381E14FF6F00B6A0AA /* Assets.xcassets */ = {isa = PBXFileReference; lastKnownFileType = folder.assetcatalog; path = Assets.xcassets; sourceTree = "<group>"; };
		B572603B1E14FF6F00B6A0AA /* Base */ = {isa = PBXFileReference; lastKnownFileType = file.storyboard; name = Base; path = Base.lproj/LaunchScreen.storyboard; sourceTree = "<group>"; };
		B572603D1E14FF6F00B6A0AA /* Info.plist */ = {isa = PBXFileReference; lastKnownFileType = text.plist.xml; path = Info.plist; sourceTree = "<group>"; };
		B572604A1E14FFC000B6A0AA /* OKActionSheetView.h */ = {isa = PBXFileReference; fileEncoding = 4; lastKnownFileType = sourcecode.c.h; path = OKActionSheetView.h; sourceTree = "<group>"; };
		B572604B1E14FFC000B6A0AA /* OKActionSheetView.m */ = {isa = PBXFileReference; fileEncoding = 4; lastKnownFileType = sourcecode.c.objc; path = OKActionSheetView.m; sourceTree = "<group>"; };
/* End PBXFileReference section */

/* Begin PBXFrameworksBuildPhase section */
		A399EB701F76BAE40033B1C4 /* Frameworks */ = {
			isa = PBXFrameworksBuildPhase;
			buildActionMask = 2147483647;
			files = (
			);
			runOnlyForDeploymentPostprocessing = 0;
		};
		B57260231E14FF6F00B6A0AA /* Frameworks */ = {
			isa = PBXFrameworksBuildPhase;
			buildActionMask = 2147483647;
			files = (
				B55BE9F81E20D67E00442CCE /* UIKit.framework in Frameworks */,
			);
			runOnlyForDeploymentPostprocessing = 0;
		};
/* End PBXFrameworksBuildPhase section */

/* Begin PBXGroup section */
		A399EB741F76BAE40033B1C4 /* AlertOrActionSheetDemoTests */ = {
			isa = PBXGroup;
			children = (
				A399EB751F76BAE40033B1C4 /* AlertOrActionSheetDemoTests.m */,
				A399EB771F76BAE40033B1C4 /* Info.plist */,
			);
			path = AlertOrActionSheetDemoTests;
			sourceTree = "<group>";
		};
		B5342A941E8E644300398C4C /* Category */ = {
			isa = PBXGroup;
			children = (
				B5342A951E8E644300398C4C /* NSObject+OKRuntime.h */,
				B5342A961E8E644300398C4C /* NSObject+OKRuntime.m */,
				B5342A971E8E644300398C4C /* NSString+OKExtension.h */,
				B5342A981E8E644300398C4C /* NSString+OKExtension.m */,
				B5342AA91E8E6C0500398C4C /* NSAttributedString+OKExtension.h */,
				B5342AAA1E8E6C0500398C4C /* NSAttributedString+OKExtension.m */,
				B5342A991E8E644300398C4C /* UIButton+OKExtension.h */,
				B5342A9A1E8E644300398C4C /* UIButton+OKExtension.m */,
			);
			path = Category;
			sourceTree = "<group>";
		};
		B55BE9F61E20D67D00442CCE /* Frameworks */ = {
			isa = PBXGroup;
			children = (
				B55BE9F71E20D67E00442CCE /* UIKit.framework */,
			);
			name = Frameworks;
			sourceTree = "<group>";
		};
		B572601D1E14FF6F00B6A0AA = {
			isa = PBXGroup;
			children = (
				B57260431E14FFB200B6A0AA /* AlertOrActionSheetClass */,
				B57260281E14FF6F00B6A0AA /* AlertOrActionSheetDemo */,
				A399EB741F76BAE40033B1C4 /* AlertOrActionSheetDemoTests */,
				B57260271E14FF6F00B6A0AA /* Products */,
				B55BE9F61E20D67D00442CCE /* Frameworks */,
			);
			sourceTree = "<group>";
		};
		B57260271E14FF6F00B6A0AA /* Products */ = {
			isa = PBXGroup;
			children = (
				B57260261E14FF6F00B6A0AA /* AlertOrActionSheetDemo.app */,
				A399EB731F76BAE40033B1C4 /* AlertOrActionSheetDemoTests.xctest */,
			);
			name = Products;
			sourceTree = "<group>";
		};
		B57260281E14FF6F00B6A0AA /* AlertOrActionSheetDemo */ = {
			isa = PBXGroup;
			children = (
				B5342A941E8E644300398C4C /* Category */,
				B572602C1E14FF6F00B6A0AA /* AppDelegate.h */,
				B572602D1E14FF6F00B6A0AA /* AppDelegate.m */,
				B572602F1E14FF6F00B6A0AA /* FirstViewController.h */,
				B57260301E14FF6F00B6A0AA /* FirstViewController.m */,
				B57260321E14FF6F00B6A0AA /* SecondViewController.h */,
				B57260331E14FF6F00B6A0AA /* SecondViewController.m */,
				A31CBEB91E1BFE5B0052175A /* ThirdViewController.h */,
				A31CBEBA1E1BFE5B0052175A /* ThirdViewController.m */,
				A31CBEBB1E1BFE5B0052175A /* ThirdViewController.xib */,
				B57260351E14FF6F00B6A0AA /* Main.storyboard */,
				B57260381E14FF6F00B6A0AA /* Assets.xcassets */,
				B572603A1E14FF6F00B6A0AA /* LaunchScreen.storyboard */,
				B572603D1E14FF6F00B6A0AA /* Info.plist */,
				B5342A931E8E26C100398C4C /* PubilcFile.h */,
				B5342A921E8E263200398C4C /* OKPublicDefine.pch */,
				B57260291E14FF6F00B6A0AA /* Supporting Files */,
			);
			path = AlertOrActionSheetDemo;
			sourceTree = "<group>";
		};
		B57260291E14FF6F00B6A0AA /* Supporting Files */ = {
			isa = PBXGroup;
			children = (
				B572602A1E14FF6F00B6A0AA /* main.m */,
			);
			name = "Supporting Files";
			sourceTree = "<group>";
		};
		B57260431E14FFB200B6A0AA /* AlertOrActionSheetClass */ = {
			isa = PBXGroup;
			children = (
				B5342A9E1E8E67B100398C4C /* OKAlertView.h */,
				B5342A9F1E8E67B100398C4C /* OKAlertView.m */,
				B572604A1E14FFC000B6A0AA /* OKActionSheetView.h */,
				B572604B1E14FFC000B6A0AA /* OKActionSheetView.m */,
			);
			path = AlertOrActionSheetClass;
			sourceTree = "<group>";
		};
/* End PBXGroup section */

/* Begin PBXNativeTarget section */
		A399EB721F76BAE40033B1C4 /* AlertOrActionSheetDemoTests */ = {
			isa = PBXNativeTarget;
			buildConfigurationList = A399EB7A1F76BAE40033B1C4 /* Build configuration list for PBXNativeTarget "AlertOrActionSheetDemoTests" */;
			buildPhases = (
				A399EB6F1F76BAE40033B1C4 /* Sources */,
				A399EB701F76BAE40033B1C4 /* Frameworks */,
				A399EB711F76BAE40033B1C4 /* Resources */,
			);
			buildRules = (
			);
			dependencies = (
				A399EB791F76BAE40033B1C4 /* PBXTargetDependency */,
			);
			name = AlertOrActionSheetDemoTests;
			productName = AlertOrActionSheetDemoTests;
			productReference = A399EB731F76BAE40033B1C4 /* AlertOrActionSheetDemoTests.xctest */;
			productType = "com.apple.product-type.bundle.unit-test";
		};
		B57260251E14FF6F00B6A0AA /* AlertOrActionSheetDemo */ = {
			isa = PBXNativeTarget;
			buildConfigurationList = B57260401E14FF6F00B6A0AA /* Build configuration list for PBXNativeTarget "AlertOrActionSheetDemo" */;
			buildPhases = (
				B57260221E14FF6F00B6A0AA /* Sources */,
				B57260231E14FF6F00B6A0AA /* Frameworks */,
				B57260241E14FF6F00B6A0AA /* Resources */,
			);
			buildRules = (
			);
			dependencies = (
			);
			name = AlertOrActionSheetDemo;
			productName = AlertOrActionSheetDemo;
			productReference = B57260261E14FF6F00B6A0AA /* AlertOrActionSheetDemo.app */;
			productType = "com.apple.product-type.application";
		};
/* End PBXNativeTarget section */

/* Begin PBXProject section */
		B572601E1E14FF6F00B6A0AA /* Project object */ = {
			isa = PBXProject;
			attributes = {
				LastUpgradeCheck = 0810;
				ORGANIZATIONNAME = okdeer;
				TargetAttributes = {
					A399EB721F76BAE40033B1C4 = {
						CreatedOnToolsVersion = 9.0;
						DevelopmentTeam = YKA3Z85KP7;
						ProvisioningStyle = Manual;
						TestTargetID = B57260251E14FF6F00B6A0AA;
					};
					B57260251E14FF6F00B6A0AA = {
						CreatedOnToolsVersion = 8.1;
						DevelopmentTeam = YKA3Z85KP7;
						ProvisioningStyle = Manual;
					};
				};
			};
			buildConfigurationList = B57260211E14FF6F00B6A0AA /* Build configuration list for PBXProject "AlertOrActionSheetDemo" */;
			compatibilityVersion = "Xcode 3.2";
			developmentRegion = English;
			hasScannedForEncodings = 0;
			knownRegions = (
				en,
				Base,
			);
			mainGroup = B572601D1E14FF6F00B6A0AA;
			productRefGroup = B57260271E14FF6F00B6A0AA /* Products */;
			projectDirPath = "";
			projectRoot = "";
			targets = (
				B57260251E14FF6F00B6A0AA /* AlertOrActionSheetDemo */,
				A399EB721F76BAE40033B1C4 /* AlertOrActionSheetDemoTests */,
			);
		};
/* End PBXProject section */

/* Begin PBXResourcesBuildPhase section */
		A399EB711F76BAE40033B1C4 /* Resources */ = {
			isa = PBXResourcesBuildPhase;
			buildActionMask = 2147483647;
			files = (
			);
			runOnlyForDeploymentPostprocessing = 0;
		};
		B57260241E14FF6F00B6A0AA /* Resources */ = {
			isa = PBXResourcesBuildPhase;
			buildActionMask = 2147483647;
			files = (
				B572603C1E14FF6F00B6A0AA /* LaunchScreen.storyboard in Resources */,
				B57260391E14FF6F00B6A0AA /* Assets.xcassets in Resources */,
				A31CBEBD1E1BFE5B0052175A /* ThirdViewController.xib in Resources */,
				B57260371E14FF6F00B6A0AA /* Main.storyboard in Resources */,
			);
			runOnlyForDeploymentPostprocessing = 0;
		};
/* End PBXResourcesBuildPhase section */

/* Begin PBXSourcesBuildPhase section */
		A399EB6F1F76BAE40033B1C4 /* Sources */ = {
			isa = PBXSourcesBuildPhase;
			buildActionMask = 2147483647;
			files = (
				A399EB761F76BAE40033B1C4 /* AlertOrActionSheetDemoTests.m in Sources */,
			);
			runOnlyForDeploymentPostprocessing = 0;
		};
		B57260221E14FF6F00B6A0AA /* Sources */ = {
			isa = PBXSourcesBuildPhase;
			buildActionMask = 2147483647;
			files = (
				B5342A9B1E8E644300398C4C /* NSObject+OKRuntime.m in Sources */,
				B5342AA01E8E67B100398C4C /* OKAlertView.m in Sources */,
				B572604F1E14FFC000B6A0AA /* OKActionSheetView.m in Sources */,
				B5342A9C1E8E644300398C4C /* NSString+OKExtension.m in Sources */,
				B5342A9D1E8E644300398C4C /* UIButton+OKExtension.m in Sources */,
				B57260341E14FF6F00B6A0AA /* SecondViewController.m in Sources */,
				A31CBEBC1E1BFE5B0052175A /* ThirdViewController.m in Sources */,
				B572602E1E14FF6F00B6A0AA /* AppDelegate.m in Sources */,
				B57260311E14FF6F00B6A0AA /* FirstViewController.m in Sources */,
				B572602B1E14FF6F00B6A0AA /* main.m in Sources */,
				B5342AAB1E8E6C0500398C4C /* NSAttributedString+OKExtension.m in Sources */,
			);
			runOnlyForDeploymentPostprocessing = 0;
		};
/* End PBXSourcesBuildPhase section */

/* Begin PBXTargetDependency section */
		A399EB791F76BAE40033B1C4 /* PBXTargetDependency */ = {
			isa = PBXTargetDependency;
			target = B57260251E14FF6F00B6A0AA /* AlertOrActionSheetDemo */;
			targetProxy = A399EB781F76BAE40033B1C4 /* PBXContainerItemProxy */;
		};
/* End PBXTargetDependency section */

/* Begin PBXVariantGroup section */
		B57260351E14FF6F00B6A0AA /* Main.storyboard */ = {
			isa = PBXVariantGroup;
			children = (
				B57260361E14FF6F00B6A0AA /* Base */,
			);
			name = Main.storyboard;
			sourceTree = "<group>";
		};
		B572603A1E14FF6F00B6A0AA /* LaunchScreen.storyboard */ = {
			isa = PBXVariantGroup;
			children = (
				B572603B1E14FF6F00B6A0AA /* Base */,
			);
			name = LaunchScreen.storyboard;
			sourceTree = "<group>";
		};
/* End PBXVariantGroup section */

/* Begin XCBuildConfiguration section */
		A399EB7B1F76BAE40033B1C4 /* Debug */ = {
			isa = XCBuildConfiguration;
			buildSettings = {
				BUNDLE_LOADER = "$(TEST_HOST)";
				CLANG_ANALYZER_NUMBER_OBJECT_CONVERSION = YES_AGGRESSIVE;
				CLANG_CXX_LANGUAGE_STANDARD = "gnu++14";
				CLANG_WARN_BLOCK_CAPTURE_AUTORELEASING = YES;
				CLANG_WARN_COMMA = YES;
				CLANG_WARN_NON_LITERAL_NULL_CONVERSION = YES;
				CLANG_WARN_OBJC_LITERAL_CONVERSION = YES;
				CLANG_WARN_RANGE_LOOP_ANALYSIS = YES;
				CLANG_WARN_STRICT_PROTOTYPES = YES;
				CLANG_WARN_SUSPICIOUS_MOVE = YES;
				CLANG_WARN_UNGUARDED_AVAILABILITY = YES_AGGRESSIVE;
				CODE_SIGN_IDENTITY = "iPhone Developer";
				"CODE_SIGN_IDENTITY[sdk=iphoneos*]" = "iPhone Distribution";
				CODE_SIGN_STYLE = Manual;
				DEVELOPMENT_TEAM = YKA3Z85KP7;
				GCC_C_LANGUAGE_STANDARD = gnu11;
				INFOPLIST_FILE = AlertOrActionSheetDemoTests/Info.plist;
				IPHONEOS_DEPLOYMENT_TARGET = 11.0;
				LD_RUNPATH_SEARCH_PATHS = "$(inherited) @executable_path/Frameworks @loader_path/Frameworks";
				PRODUCT_BUNDLE_IDENTIFIER = com.handlink.lukeTest.AlertOrActionSheetDemoTests;
				PRODUCT_NAME = "$(TARGET_NAME)";
				PROVISIONING_PROFILE_SPECIFIER = "";
				TARGETED_DEVICE_FAMILY = "1,2";
				TEST_HOST = "$(BUILT_PRODUCTS_DIR)/AlertOrActionSheetDemo.app/AlertOrActionSheetDemo";
			};
			name = Debug;
		};
		A399EB7C1F76BAE40033B1C4 /* Develop */ = {
			isa = XCBuildConfiguration;
			buildSettings = {
				BUNDLE_LOADER = "$(TEST_HOST)";
				CLANG_ANALYZER_NUMBER_OBJECT_CONVERSION = YES_AGGRESSIVE;
				CLANG_CXX_LANGUAGE_STANDARD = "gnu++14";
				CLANG_WARN_BLOCK_CAPTURE_AUTORELEASING = YES;
				CLANG_WARN_COMMA = YES;
				CLANG_WARN_NON_LITERAL_NULL_CONVERSION = YES;
				CLANG_WARN_OBJC_LITERAL_CONVERSION = YES;
				CLANG_WARN_RANGE_LOOP_ANALYSIS = YES;
				CLANG_WARN_STRICT_PROTOTYPES = YES;
				CLANG_WARN_SUSPICIOUS_MOVE = YES;
				CLANG_WARN_UNGUARDED_AVAILABILITY = YES_AGGRESSIVE;
				CODE_SIGN_IDENTITY = "iPhone Developer";
				"CODE_SIGN_IDENTITY[sdk=iphoneos*]" = "iPhone Distribution";
				CODE_SIGN_STYLE = Manual;
				DEVELOPMENT_TEAM = YKA3Z85KP7;
				GCC_C_LANGUAGE_STANDARD = gnu11;
				INFOPLIST_FILE = AlertOrActionSheetDemoTests/Info.plist;
				IPHONEOS_DEPLOYMENT_TARGET = 11.0;
				LD_RUNPATH_SEARCH_PATHS = "$(inherited) @executable_path/Frameworks @loader_path/Frameworks";
				PRODUCT_BUNDLE_IDENTIFIER = com.handlink.lukeTest.AlertOrActionSheetDemoTests;
				PRODUCT_NAME = "$(TARGET_NAME)";
				PROVISIONING_PROFILE_SPECIFIER = "";
				TARGETED_DEVICE_FAMILY = "1,2";
				TEST_HOST = "$(BUILT_PRODUCTS_DIR)/AlertOrActionSheetDemo.app/AlertOrActionSheetDemo";
			};
			name = Develop;
		};
		A399EB7D1F76BAE40033B1C4 /* Beta */ = {
			isa = XCBuildConfiguration;
			buildSettings = {
				BUNDLE_LOADER = "$(TEST_HOST)";
				CLANG_ANALYZER_NUMBER_OBJECT_CONVERSION = YES_AGGRESSIVE;
				CLANG_CXX_LANGUAGE_STANDARD = "gnu++14";
				CLANG_WARN_BLOCK_CAPTURE_AUTORELEASING = YES;
				CLANG_WARN_COMMA = YES;
				CLANG_WARN_NON_LITERAL_NULL_CONVERSION = YES;
				CLANG_WARN_OBJC_LITERAL_CONVERSION = YES;
				CLANG_WARN_RANGE_LOOP_ANALYSIS = YES;
				CLANG_WARN_STRICT_PROTOTYPES = YES;
				CLANG_WARN_SUSPICIOUS_MOVE = YES;
				CLANG_WARN_UNGUARDED_AVAILABILITY = YES_AGGRESSIVE;
				CODE_SIGN_IDENTITY = "iPhone Developer";
				"CODE_SIGN_IDENTITY[sdk=iphoneos*]" = "iPhone Distribution";
				CODE_SIGN_STYLE = Manual;
				DEVELOPMENT_TEAM = YKA3Z85KP7;
				GCC_C_LANGUAGE_STANDARD = gnu11;
				INFOPLIST_FILE = AlertOrActionSheetDemoTests/Info.plist;
				IPHONEOS_DEPLOYMENT_TARGET = 11.0;
				LD_RUNPATH_SEARCH_PATHS = "$(inherited) @executable_path/Frameworks @loader_path/Frameworks";
				PRODUCT_BUNDLE_IDENTIFIER = com.handlink.lukeTest.AlertOrActionSheetDemoTests;
				PRODUCT_NAME = "$(TARGET_NAME)";
				PROVISIONING_PROFILE_SPECIFIER = "";
				TARGETED_DEVICE_FAMILY = "1,2";
				TEST_HOST = "$(BUILT_PRODUCTS_DIR)/AlertOrActionSheetDemo.app/AlertOrActionSheetDemo";
			};
			name = Beta;
		};
		A399EB7E1F76BAE40033B1C4 /* Release */ = {
			isa = XCBuildConfiguration;
			buildSettings = {
				BUNDLE_LOADER = "$(TEST_HOST)";
				CLANG_ANALYZER_NUMBER_OBJECT_CONVERSION = YES_AGGRESSIVE;
				CLANG_CXX_LANGUAGE_STANDARD = "gnu++14";
				CLANG_WARN_BLOCK_CAPTURE_AUTORELEASING = YES;
				CLANG_WARN_COMMA = YES;
				CLANG_WARN_NON_LITERAL_NULL_CONVERSION = YES;
				CLANG_WARN_OBJC_LITERAL_CONVERSION = YES;
				CLANG_WARN_RANGE_LOOP_ANALYSIS = YES;
				CLANG_WARN_STRICT_PROTOTYPES = YES;
				CLANG_WARN_SUSPICIOUS_MOVE = YES;
				CLANG_WARN_UNGUARDED_AVAILABILITY = YES_AGGRESSIVE;
				CODE_SIGN_IDENTITY = "iPhone Developer";
				"CODE_SIGN_IDENTITY[sdk=iphoneos*]" = "iPhone Distribution";
				CODE_SIGN_STYLE = Manual;
				DEVELOPMENT_TEAM = YKA3Z85KP7;
				GCC_C_LANGUAGE_STANDARD = gnu11;
				INFOPLIST_FILE = AlertOrActionSheetDemoTests/Info.plist;
				IPHONEOS_DEPLOYMENT_TARGET = 11.0;
				LD_RUNPATH_SEARCH_PATHS = "$(inherited) @executable_path/Frameworks @loader_path/Frameworks";
				PRODUCT_BUNDLE_IDENTIFIER = com.handlink.lukeTest.AlertOrActionSheetDemoTests;
				PRODUCT_NAME = "$(TARGET_NAME)";
				PROVISIONING_PROFILE_SPECIFIER = "";
				TARGETED_DEVICE_FAMILY = "1,2";
				TEST_HOST = "$(BUILT_PRODUCTS_DIR)/AlertOrActionSheetDemo.app/AlertOrActionSheetDemo";
			};
			name = Release;
		};
		B53355E21E36025B00ADB1FC /* Beta */ = {
			isa = XCBuildConfiguration;
			buildSettings = {
				ALWAYS_SEARCH_USER_PATHS = NO;
				CLANG_ANALYZER_NONNULL = YES;
				CLANG_CXX_LANGUAGE_STANDARD = "gnu++0x";
				CLANG_CXX_LIBRARY = "libc++";
				CLANG_ENABLE_MODULES = YES;
				CLANG_ENABLE_OBJC_ARC = YES;
				CLANG_WARN_BOOL_CONVERSION = YES;
				CLANG_WARN_CONSTANT_CONVERSION = YES;
				CLANG_WARN_DIRECT_OBJC_ISA_USAGE = YES_ERROR;
				CLANG_WARN_DOCUMENTATION_COMMENTS = YES;
				CLANG_WARN_EMPTY_BODY = YES;
				CLANG_WARN_ENUM_CONVERSION = YES;
				CLANG_WARN_INFINITE_RECURSION = YES;
				CLANG_WARN_INT_CONVERSION = YES;
				CLANG_WARN_OBJC_ROOT_CLASS = YES_ERROR;
				CLANG_WARN_SUSPICIOUS_MOVES = YES;
				CLANG_WARN_UNREACHABLE_CODE = YES;
				CLANG_WARN__DUPLICATE_METHOD_MATCH = YES;
				"CODE_SIGN_IDENTITY[sdk=iphoneos*]" = "iPhone Developer";
				COPY_PHASE_STRIP = NO;
				DEBUG_INFORMATION_FORMAT = dwarf;
				ENABLE_STRICT_OBJC_MSGSEND = YES;
				ENABLE_TESTABILITY = YES;
				GCC_C_LANGUAGE_STANDARD = gnu99;
				GCC_DYNAMIC_NO_PIC = NO;
				GCC_NO_COMMON_BLOCKS = YES;
				GCC_OPTIMIZATION_LEVEL = 0;
				GCC_PREFIX_HEADER = AlertOrActionSheetDemo/OKPublicDefine.pch;
				GCC_PREPROCESSOR_DEFINITIONS = (
					"DEBUG=1",
					"$(inherited)",
				);
				GCC_WARN_64_TO_32_BIT_CONVERSION = YES;
				GCC_WARN_ABOUT_RETURN_TYPE = YES_ERROR;
				GCC_WARN_UNDECLARED_SELECTOR = YES;
				GCC_WARN_UNINITIALIZED_AUTOS = YES_AGGRESSIVE;
				GCC_WARN_UNUSED_FUNCTION = YES;
				GCC_WARN_UNUSED_VARIABLE = YES;
				IPHONEOS_DEPLOYMENT_TARGET = 10.1;
				MTL_ENABLE_DEBUG_INFO = YES;
				ONLY_ACTIVE_ARCH = YES;
				SDKROOT = iphoneos;
				TARGETED_DEVICE_FAMILY = "1,2";
			};
			name = Beta;
		};
		B53355E31E36025B00ADB1FC /* Beta */ = {
			isa = XCBuildConfiguration;
			buildSettings = {
				ASSETCATALOG_COMPILER_APPICON_NAME = AppIcon;
				ASSETCATALOG_COMPILER_LAUNCHIMAGE_NAME = LaunchImage;
				"CODE_SIGN_IDENTITY[sdk=iphoneos*]" = "iPhone Distribution";
				CODE_SIGN_STYLE = Manual;
				DEVELOPMENT_TEAM = YKA3Z85KP7;
				INFOPLIST_FILE = AlertOrActionSheetDemo/Info.plist;
				IPHONEOS_DEPLOYMENT_TARGET = 7.0;
				LD_RUNPATH_SEARCH_PATHS = "$(inherited) @executable_path/Frameworks";
				PRODUCT_BUNDLE_IDENTIFIER = com.handlink.lukeTest;
				PRODUCT_NAME = "$(TARGET_NAME)";
				PROVISIONING_PROFILE = "62059c70-85ae-4f12-afce-2e1f101fc05c";
				PROVISIONING_PROFILE_SPECIFIER = lukeInHouse;
				TARGETED_DEVICE_FAMILY = 1;
			};
			name = Beta;
		};
		B53355E41E36032500ADB1FC /* Develop */ = {
			isa = XCBuildConfiguration;
			buildSettings = {
				ALWAYS_SEARCH_USER_PATHS = NO;
				CLANG_ANALYZER_NONNULL = YES;
				CLANG_CXX_LANGUAGE_STANDARD = "gnu++0x";
				CLANG_CXX_LIBRARY = "libc++";
				CLANG_ENABLE_MODULES = YES;
				CLANG_ENABLE_OBJC_ARC = YES;
				CLANG_WARN_BOOL_CONVERSION = YES;
				CLANG_WARN_CONSTANT_CONVERSION = YES;
				CLANG_WARN_DIRECT_OBJC_ISA_USAGE = YES_ERROR;
				CLANG_WARN_DOCUMENTATION_COMMENTS = YES;
				CLANG_WARN_EMPTY_BODY = YES;
				CLANG_WARN_ENUM_CONVERSION = YES;
				CLANG_WARN_INFINITE_RECURSION = YES;
				CLANG_WARN_INT_CONVERSION = YES;
				CLANG_WARN_OBJC_ROOT_CLASS = YES_ERROR;
				CLANG_WARN_SUSPICIOUS_MOVES = YES;
				CLANG_WARN_UNREACHABLE_CODE = YES;
				CLANG_WARN__DUPLICATE_METHOD_MATCH = YES;
				"CODE_SIGN_IDENTITY[sdk=iphoneos*]" = "iPhone Developer";
				COPY_PHASE_STRIP = NO;
				DEBUG_INFORMATION_FORMAT = dwarf;
				ENABLE_STRICT_OBJC_MSGSEND = YES;
				ENABLE_TESTABILITY = YES;
				GCC_C_LANGUAGE_STANDARD = gnu99;
				GCC_DYNAMIC_NO_PIC = NO;
				GCC_NO_COMMON_BLOCKS = YES;
				GCC_OPTIMIZATION_LEVEL = 0;
				GCC_PREFIX_HEADER = AlertOrActionSheetDemo/OKPublicDefine.pch;
				GCC_PREPROCESSOR_DEFINITIONS = (
					"DEBUG=1",
					"$(inherited)",
				);
				GCC_WARN_64_TO_32_BIT_CONVERSION = YES;
				GCC_WARN_ABOUT_RETURN_TYPE = YES_ERROR;
				GCC_WARN_UNDECLARED_SELECTOR = YES;
				GCC_WARN_UNINITIALIZED_AUTOS = YES_AGGRESSIVE;
				GCC_WARN_UNUSED_FUNCTION = YES;
				GCC_WARN_UNUSED_VARIABLE = YES;
				IPHONEOS_DEPLOYMENT_TARGET = 10.1;
				MTL_ENABLE_DEBUG_INFO = YES;
				ONLY_ACTIVE_ARCH = YES;
				SDKROOT = iphoneos;
				TARGETED_DEVICE_FAMILY = "1,2";
			};
			name = Develop;
		};
		B53355E51E36032500ADB1FC /* Develop */ = {
			isa = XCBuildConfiguration;
			buildSettings = {
				ASSETCATALOG_COMPILER_APPICON_NAME = AppIcon;
				ASSETCATALOG_COMPILER_LAUNCHIMAGE_NAME = LaunchImage;
				"CODE_SIGN_IDENTITY[sdk=iphoneos*]" = "iPhone Distribution";
				CODE_SIGN_STYLE = Manual;
				DEVELOPMENT_TEAM = YKA3Z85KP7;
				INFOPLIST_FILE = AlertOrActionSheetDemo/Info.plist;
				IPHONEOS_DEPLOYMENT_TARGET = 7.0;
				LD_RUNPATH_SEARCH_PATHS = "$(inherited) @executable_path/Frameworks";
				PRODUCT_BUNDLE_IDENTIFIER = com.handlink.lukeTest;
				PRODUCT_NAME = "$(TARGET_NAME)";
				PROVISIONING_PROFILE = "62059c70-85ae-4f12-afce-2e1f101fc05c";
				PROVISIONING_PROFILE_SPECIFIER = lukeInHouse;
				TARGETED_DEVICE_FAMILY = 1;
			};
			name = Develop;
		};
		B572603E1E14FF6F00B6A0AA /* Debug */ = {
			isa = XCBuildConfiguration;
			buildSettings = {
				ALWAYS_SEARCH_USER_PATHS = NO;
				CLANG_ANALYZER_NONNULL = YES;
				CLANG_CXX_LANGUAGE_STANDARD = "gnu++0x";
				CLANG_CXX_LIBRARY = "libc++";
				CLANG_ENABLE_MODULES = YES;
				CLANG_ENABLE_OBJC_ARC = YES;
				CLANG_WARN_BOOL_CONVERSION = YES;
				CLANG_WARN_CONSTANT_CONVERSION = YES;
				CLANG_WARN_DIRECT_OBJC_ISA_USAGE = YES_ERROR;
				CLANG_WARN_DOCUMENTATION_COMMENTS = YES;
				CLANG_WARN_EMPTY_BODY = YES;
				CLANG_WARN_ENUM_CONVERSION = YES;
				CLANG_WARN_INFINITE_RECURSION = YES;
				CLANG_WARN_INT_CONVERSION = YES;
				CLANG_WARN_OBJC_ROOT_CLASS = YES_ERROR;
				CLANG_WARN_SUSPICIOUS_MOVES = YES;
				CLANG_WARN_UNREACHABLE_CODE = YES;
				CLANG_WARN__DUPLICATE_METHOD_MATCH = YES;
				"CODE_SIGN_IDENTITY[sdk=iphoneos*]" = "iPhone Developer";
				COPY_PHASE_STRIP = NO;
				DEBUG_INFORMATION_FORMAT = dwarf;
				ENABLE_STRICT_OBJC_MSGSEND = YES;
				ENABLE_TESTABILITY = YES;
				GCC_C_LANGUAGE_STANDARD = gnu99;
				GCC_DYNAMIC_NO_PIC = NO;
				GCC_NO_COMMON_BLOCKS = YES;
				GCC_OPTIMIZATION_LEVEL = 0;
				GCC_PREFIX_HEADER = AlertOrActionSheetDemo/OKPublicDefine.pch;
				GCC_PREPROCESSOR_DEFINITIONS = (
					"DEBUG=1",
					"$(inherited)",
				);
				GCC_WARN_64_TO_32_BIT_CONVERSION = YES;
				GCC_WARN_ABOUT_RETURN_TYPE = YES_ERROR;
				GCC_WARN_UNDECLARED_SELECTOR = YES;
				GCC_WARN_UNINITIALIZED_AUTOS = YES_AGGRESSIVE;
				GCC_WARN_UNUSED_FUNCTION = YES;
				GCC_WARN_UNUSED_VARIABLE = YES;
				IPHONEOS_DEPLOYMENT_TARGET = 10.1;
				MTL_ENABLE_DEBUG_INFO = YES;
				ONLY_ACTIVE_ARCH = YES;
				SDKROOT = iphoneos;
				TARGETED_DEVICE_FAMILY = "1,2";
			};
			name = Debug;
		};
		B572603F1E14FF6F00B6A0AA /* Release */ = {
			isa = XCBuildConfiguration;
			buildSettings = {
				ALWAYS_SEARCH_USER_PATHS = NO;
				CLANG_ANALYZER_NONNULL = YES;
				CLANG_CXX_LANGUAGE_STANDARD = "gnu++0x";
				CLANG_CXX_LIBRARY = "libc++";
				CLANG_ENABLE_MODULES = YES;
				CLANG_ENABLE_OBJC_ARC = YES;
				CLANG_WARN_BOOL_CONVERSION = YES;
				CLANG_WARN_CONSTANT_CONVERSION = YES;
				CLANG_WARN_DIRECT_OBJC_ISA_USAGE = YES_ERROR;
				CLANG_WARN_DOCUMENTATION_COMMENTS = YES;
				CLANG_WARN_EMPTY_BODY = YES;
				CLANG_WARN_ENUM_CONVERSION = YES;
				CLANG_WARN_INFINITE_RECURSION = YES;
				CLANG_WARN_INT_CONVERSION = YES;
				CLANG_WARN_OBJC_ROOT_CLASS = YES_ERROR;
				CLANG_WARN_SUSPICIOUS_MOVES = YES;
				CLANG_WARN_UNREACHABLE_CODE = YES;
				CLANG_WARN__DUPLICATE_METHOD_MATCH = YES;
				"CODE_SIGN_IDENTITY[sdk=iphoneos*]" = "iPhone Developer";
				COPY_PHASE_STRIP = NO;
				DEBUG_INFORMATION_FORMAT = "dwarf-with-dsym";
				ENABLE_NS_ASSERTIONS = NO;
				ENABLE_STRICT_OBJC_MSGSEND = YES;
				GCC_C_LANGUAGE_STANDARD = gnu99;
				GCC_NO_COMMON_BLOCKS = YES;
				GCC_PREFIX_HEADER = AlertOrActionSheetDemo/OKPublicDefine.pch;
				GCC_WARN_64_TO_32_BIT_CONVERSION = YES;
				GCC_WARN_ABOUT_RETURN_TYPE = YES_ERROR;
				GCC_WARN_UNDECLARED_SELECTOR = YES;
				GCC_WARN_UNINITIALIZED_AUTOS = YES_AGGRESSIVE;
				GCC_WARN_UNUSED_FUNCTION = YES;
				GCC_WARN_UNUSED_VARIABLE = YES;
				IPHONEOS_DEPLOYMENT_TARGET = 10.1;
				MTL_ENABLE_DEBUG_INFO = NO;
				SDKROOT = iphoneos;
				TARGETED_DEVICE_FAMILY = "1,2";
				VALIDATE_PRODUCT = YES;
			};
			name = Release;
		};
		B57260411E14FF6F00B6A0AA /* Debug */ = {
			isa = XCBuildConfiguration;
			buildSettings = {
				ASSETCATALOG_COMPILER_APPICON_NAME = AppIcon;
				ASSETCATALOG_COMPILER_LAUNCHIMAGE_NAME = LaunchImage;
				"CODE_SIGN_IDENTITY[sdk=iphoneos*]" = "iPhone Distribution";
				CODE_SIGN_STYLE = Manual;
				DEVELOPMENT_TEAM = YKA3Z85KP7;
				INFOPLIST_FILE = AlertOrActionSheetDemo/Info.plist;
				IPHONEOS_DEPLOYMENT_TARGET = 7.0;
				LD_RUNPATH_SEARCH_PATHS = "$(inherited) @executable_path/Frameworks";
				PRODUCT_BUNDLE_IDENTIFIER = com.handlink.lukeTest;
				PRODUCT_NAME = "$(TARGET_NAME)";
				PROVISIONING_PROFILE = "62059c70-85ae-4f12-afce-2e1f101fc05c";
				PROVISIONING_PROFILE_SPECIFIER = lukeInHouse;
				TARGETED_DEVICE_FAMILY = 1;
			};
			name = Debug;
		};
		B57260421E14FF6F00B6A0AA /* Release */ = {
			isa = XCBuildConfiguration;
			buildSettings = {
				ASSETCATALOG_COMPILER_APPICON_NAME = AppIcon;
				ASSETCATALOG_COMPILER_LAUNCHIMAGE_NAME = LaunchImage;
				"CODE_SIGN_IDENTITY[sdk=iphoneos*]" = "iPhone Distribution";
				CODE_SIGN_STYLE = Manual;
				DEVELOPMENT_TEAM = YKA3Z85KP7;
				INFOPLIST_FILE = AlertOrActionSheetDemo/Info.plist;
				IPHONEOS_DEPLOYMENT_TARGET = 7.0;
				LD_RUNPATH_SEARCH_PATHS = "$(inherited) @executable_path/Frameworks";
				PRODUCT_BUNDLE_IDENTIFIER = com.handlink.lukeTest;
				PRODUCT_NAME = "$(TARGET_NAME)";
				PROVISIONING_PROFILE = "62059c70-85ae-4f12-afce-2e1f101fc05c";
				PROVISIONING_PROFILE_SPECIFIER = lukeInHouse;
				TARGETED_DEVICE_FAMILY = 1;
			};
			name = Release;
		};
/* End XCBuildConfiguration section */

/* Begin XCConfigurationList section */
		A399EB7A1F76BAE40033B1C4 /* Build configuration list for PBXNativeTarget "AlertOrActionSheetDemoTests" */ = {
			isa = XCConfigurationList;
			buildConfigurations = (
				A399EB7B1F76BAE40033B1C4 /* Debug */,
				A399EB7C1F76BAE40033B1C4 /* Develop */,
				A399EB7D1F76BAE40033B1C4 /* Beta */,
				A399EB7E1F76BAE40033B1C4 /* Release */,
			);
			defaultConfigurationIsVisible = 0;
			defaultConfigurationName = Release;
		};
		B57260211E14FF6F00B6A0AA /* Build configuration list for PBXProject "AlertOrActionSheetDemo" */ = {
			isa = XCConfigurationList;
			buildConfigurations = (
				B572603E1E14FF6F00B6A0AA /* Debug */,
				B53355E41E36032500ADB1FC /* Develop */,
				B53355E21E36025B00ADB1FC /* Beta */,
				B572603F1E14FF6F00B6A0AA /* Release */,
			);
			defaultConfigurationIsVisible = 0;
			defaultConfigurationName = Release;
		};
		B57260401E14FF6F00B6A0AA /* Build configuration list for PBXNativeTarget "AlertOrActionSheetDemo" */ = {
			isa = XCConfigurationList;
			buildConfigurations = (
				B57260411E14FF6F00B6A0AA /* Debug */,
				B53355E51E36032500ADB1FC /* Develop */,
				B53355E31E36025B00ADB1FC /* Beta */,
				B57260421E14FF6F00B6A0AA /* Release */,
			);
			defaultConfigurationIsVisible = 0;
			defaultConfigurationName = Release;
		};
/* End XCConfigurationList section */
	};
	rootObject = B572601E1E14FF6F00B6A0AA /* Project object */;
}
